
Microsoft Visual Studio Solution File, Format Version 12.00
# Visual Studio 2012
Project("{FAE04EC0-301F-11D3-BF4B-00C04F79EFBC}") = "VanillaSniffer", "VanillaSniffer.csproj", "{9719FDC7-9CB6-4373-92FF-5A4866490450}"
EndProject
Global
	GlobalSection(SolutionConfigurationPlatforms) = preSolution
		Debug|x86 = Debug|x86
		Release|x86 = Release|x86
	EndGlobalSection
	GlobalSection(ProjectConfigurationPlatforms) = postSolution
		{9719FDC7-9CB6-4373-92FF-5A4866490450}.Debug|x86.ActiveCfg = Debug|x86
		{9719FDC7-9CB6-4373-92FF-5A4866490450}.Debug|x86.Build.0 = Debug|x86
		{9719FDC7-9CB6-4373-92FF-5A4866490450}.Release|x86.ActiveCfg = Release|x86
		{9719FDC7-9CB6-4373-92FF-5A4866490450}.Release|x86.Build.0 = Release|x86
		{9719FDC7-9CB6-4373-92FF-5A4866490450}.Release|x86.Deploy.0 = Release|x86
	EndGlobalSection
	GlobalSection(SolutionProperties) = preSolution
		HideSolutionNode = FALSE
	EndGlobalSection
EndGlobal
