
Microsoft Visual Studio Solution File, Format Version 12.00
# Visual Studio 2013
VisualStudioVersion = 12.0.30110.0
MinimumVisualStudioVersion = 10.0.40219.1
Project("{FAE04EC0-301F-11D3-BF4B-00C04F79EFBC}") = "Vanilla.Core", "Vanilla.Core\Vanilla.Core.csproj", "{D9CB81C5-3471-45E2-915B-C9E87A3C6D93}"
EndProject
Project("{FAE04EC0-301F-11D3-BF4B-00C04F79EFBC}") = "Vanilla.Login", "Vanilla.Login\Vanilla.Login.csproj", "{4E333BF8-1F11-4C1F-B9D8-F1CC21563916}"
	ProjectSection(ProjectDependencies) = postProject
		{D9CB81C5-3471-45E2-915B-C9E87A3C6D93} = {D9CB81C5-3471-45E2-915B-C9E87A3C6D93}
	EndProjectSection
EndProject
Project("{2150E333-8FDC-42A3-9474-1A3956D46DE8}") = "World", "World", "{4730646C-D183-4AE8-ACDB-5904E060F3BE}"
EndProject
Project("{2150E333-8FDC-42A3-9474-1A3956D46DE8}") = "Login", "Login", "{FFD883BD-C785-4E74-9DF3-F25A7023DFCC}"
EndProject
Project("{2150E333-8FDC-42A3-9474-1A3956D46DE8}") = "Core", "Core", "{7104DC81-ACC0-4EED-9E92-08A64617393E}"
EndProject
Project("{FAE04EC0-301F-11D3-BF4B-00C04F79EFBC}") = "Vanilla.Server", "Vanilla.Server\Vanilla.Server.csproj", "{C3053DF2-FBD9-401E-B676-86448071B086}"
EndProject
Project("{FAE04EC0-301F-11D3-BF4B-00C04F79EFBC}") = "Vanilla.World", "Vanilla.World\Vanilla.World.csproj", "{1567DFD3-9877-4694-A781-D3875E36989D}"
EndProject
Project("{2150E333-8FDC-42A3-9474-1A3956D46DE8}") = "Database", "Database", "{DF992670-7554-42F5-A1AF-DD99E24CF71A}"
EndProject
Project("{FAE04EC0-301F-11D3-BF4B-00C04F79EFBC}") = "Vanilla.World.Database", "Vanilla.World.Database\Vanilla.World.Database.csproj", "{BB920DDF-18FD-46E7-9B34-0CEF77E17929}"
EndProject
Project("{FAE04EC0-301F-11D3-BF4B-00C04F79EFBC}") = "Vanilla.Character.Database", "Vanilla.Character.Database\Vanilla.Character.Database.csproj", "{65DD4F4C-7D18-4DB9-A23F-4C4821CDAE5B}"
EndProject
Project("{FAE04EC0-301F-11D3-BF4B-00C04F79EFBC}") = "Vanilla.Login.Database", "Vanilla.Login.Database\Vanilla.Login.Database.csproj", "{792A1970-756F-44CC-B9C2-8DCCC72F9392}"
EndProject
Global
	GlobalSection(SolutionConfigurationPlatforms) = preSolution
		Debug|Any CPU = Debug|Any CPU
		Debug|Mixed Platforms = Debug|Mixed Platforms
		Debug|x86 = Debug|x86
		Release|Any CPU = Release|Any CPU
		Release|Mixed Platforms = Release|Mixed Platforms
		Release|x86 = Release|x86
	EndGlobalSection
	GlobalSection(ProjectConfigurationPlatforms) = postSolution
		{D9CB81C5-3471-45E2-915B-C9E87A3C6D93}.Debug|Any CPU.ActiveCfg = Debug|Any CPU
		{D9CB81C5-3471-45E2-915B-C9E87A3C6D93}.Debug|Any CPU.Build.0 = Debug|Any CPU
		{D9CB81C5-3471-45E2-915B-C9E87A3C6D93}.Debug|Mixed Platforms.ActiveCfg = Debug|Any CPU
		{D9CB81C5-3471-45E2-915B-C9E87A3C6D93}.Debug|Mixed Platforms.Build.0 = Debug|Any CPU
		{D9CB81C5-3471-45E2-915B-C9E87A3C6D93}.Debug|x86.ActiveCfg = Debug|Any CPU
		{D9CB81C5-3471-45E2-915B-C9E87A3C6D93}.Release|Any CPU.ActiveCfg = Release|Any CPU
		{D9CB81C5-3471-45E2-915B-C9E87A3C6D93}.Release|Any CPU.Build.0 = Release|Any CPU
		{D9CB81C5-3471-45E2-915B-C9E87A3C6D93}.Release|Mixed Platforms.ActiveCfg = Release|Any CPU
		{D9CB81C5-3471-45E2-915B-C9E87A3C6D93}.Release|Mixed Platforms.Build.0 = Release|Any CPU
		{D9CB81C5-3471-45E2-915B-C9E87A3C6D93}.Release|x86.ActiveCfg = Release|Any CPU
		{4E333BF8-1F11-4C1F-B9D8-F1CC21563916}.Debug|Any CPU.ActiveCfg = Debug|Any CPU
		{4E333BF8-1F11-4C1F-B9D8-F1CC21563916}.Debug|Any CPU.Build.0 = Debug|Any CPU
		{4E333BF8-1F11-4C1F-B9D8-F1CC21563916}.Debug|Mixed Platforms.ActiveCfg = Debug|Any CPU
		{4E333BF8-1F11-4C1F-B9D8-F1CC21563916}.Debug|Mixed Platforms.Build.0 = Debug|Any CPU
		{4E333BF8-1F11-4C1F-B9D8-F1CC21563916}.Debug|x86.ActiveCfg = Debug|Any CPU
		{4E333BF8-1F11-4C1F-B9D8-F1CC21563916}.Release|Any CPU.ActiveCfg = Release|Any CPU
		{4E333BF8-1F11-4C1F-B9D8-F1CC21563916}.Release|Any CPU.Build.0 = Release|Any CPU
		{4E333BF8-1F11-4C1F-B9D8-F1CC21563916}.Release|Mixed Platforms.ActiveCfg = Release|Any CPU
		{4E333BF8-1F11-4C1F-B9D8-F1CC21563916}.Release|Mixed Platforms.Build.0 = Release|Any CPU
		{4E333BF8-1F11-4C1F-B9D8-F1CC21563916}.Release|x86.ActiveCfg = Release|Any CPU
		{C3053DF2-FBD9-401E-B676-86448071B086}.Debug|Any CPU.ActiveCfg = Debug|Any CPU
		{C3053DF2-FBD9-401E-B676-86448071B086}.Debug|Any CPU.Build.0 = Debug|Any CPU
		{C3053DF2-FBD9-401E-B676-86448071B086}.Debug|Mixed Platforms.ActiveCfg = Debug|Any CPU
		{C3053DF2-FBD9-401E-B676-86448071B086}.Debug|Mixed Platforms.Build.0 = Debug|Any CPU
		{C3053DF2-FBD9-401E-B676-86448071B086}.Debug|x86.ActiveCfg = Debug|Any CPU
		{C3053DF2-FBD9-401E-B676-86448071B086}.Release|Any CPU.ActiveCfg = Release|Any CPU
		{C3053DF2-FBD9-401E-B676-86448071B086}.Release|Any CPU.Build.0 = Release|Any CPU
		{C3053DF2-FBD9-401E-B676-86448071B086}.Release|Mixed Platforms.ActiveCfg = Release|Any CPU
		{C3053DF2-FBD9-401E-B676-86448071B086}.Release|Mixed Platforms.Build.0 = Release|Any CPU
		{C3053DF2-FBD9-401E-B676-86448071B086}.Release|x86.ActiveCfg = Release|Any CPU
		{1567DFD3-9877-4694-A781-D3875E36989D}.Debug|Any CPU.ActiveCfg = Debug|Any CPU
		{1567DFD3-9877-4694-A781-D3875E36989D}.Debug|Any CPU.Build.0 = Debug|Any CPU
		{1567DFD3-9877-4694-A781-D3875E36989D}.Debug|Mixed Platforms.ActiveCfg = Debug|Any CPU
		{1567DFD3-9877-4694-A781-D3875E36989D}.Debug|Mixed Platforms.Build.0 = Debug|Any CPU
		{1567DFD3-9877-4694-A781-D3875E36989D}.Debug|x86.ActiveCfg = Debug|Any CPU
		{1567DFD3-9877-4694-A781-D3875E36989D}.Release|Any CPU.ActiveCfg = Release|Any CPU
		{1567DFD3-9877-4694-A781-D3875E36989D}.Release|Any CPU.Build.0 = Release|Any CPU
		{1567DFD3-9877-4694-A781-D3875E36989D}.Release|Mixed Platforms.ActiveCfg = Release|Any CPU
		{1567DFD3-9877-4694-A781-D3875E36989D}.Release|Mixed Platforms.Build.0 = Release|Any CPU
		{1567DFD3-9877-4694-A781-D3875E36989D}.Release|x86.ActiveCfg = Release|Any CPU
		{BB920DDF-18FD-46E7-9B34-0CEF77E17929}.Debug|Any CPU.ActiveCfg = Debug|Any CPU
		{BB920DDF-18FD-46E7-9B34-0CEF77E17929}.Debug|Any CPU.Build.0 = Debug|Any CPU
		{BB920DDF-18FD-46E7-9B34-0CEF77E17929}.Debug|Mixed Platforms.ActiveCfg = Debug|Any CPU
		{BB920DDF-18FD-46E7-9B34-0CEF77E17929}.Debug|Mixed Platforms.Build.0 = Debug|Any CPU
		{BB920DDF-18FD-46E7-9B34-0CEF77E17929}.Debug|x86.ActiveCfg = Debug|Any CPU
		{BB920DDF-18FD-46E7-9B34-0CEF77E17929}.Release|Any CPU.ActiveCfg = Release|Any CPU
		{BB920DDF-18FD-46E7-9B34-0CEF77E17929}.Release|Any CPU.Build.0 = Release|Any CPU
		{BB920DDF-18FD-46E7-9B34-0CEF77E17929}.Release|Mixed Platforms.ActiveCfg = Release|Any CPU
		{BB920DDF-18FD-46E7-9B34-0CEF77E17929}.Release|Mixed Platforms.Build.0 = Release|Any CPU
		{BB920DDF-18FD-46E7-9B34-0CEF77E17929}.Release|x86.ActiveCfg = Release|Any CPU
		{65DD4F4C-7D18-4DB9-A23F-4C4821CDAE5B}.Debug|Any CPU.ActiveCfg = Debug|Any CPU
		{65DD4F4C-7D18-4DB9-A23F-4C4821CDAE5B}.Debug|Any CPU.Build.0 = Debug|Any CPU
		{65DD4F4C-7D18-4DB9-A23F-4C4821CDAE5B}.Debug|Mixed Platforms.ActiveCfg = Debug|Any CPU
		{65DD4F4C-7D18-4DB9-A23F-4C4821CDAE5B}.Debug|Mixed Platforms.Build.0 = Debug|Any CPU
		{65DD4F4C-7D18-4DB9-A23F-4C4821CDAE5B}.Debug|x86.ActiveCfg = Debug|Any CPU
		{65DD4F4C-7D18-4DB9-A23F-4C4821CDAE5B}.Release|Any CPU.ActiveCfg = Release|Any CPU
		{65DD4F4C-7D18-4DB9-A23F-4C4821CDAE5B}.Release|Any CPU.Build.0 = Release|Any CPU
		{65DD4F4C-7D18-4DB9-A23F-4C4821CDAE5B}.Release|Mixed Platforms.ActiveCfg = Release|Any CPU
		{65DD4F4C-7D18-4DB9-A23F-4C4821CDAE5B}.Release|Mixed Platforms.Build.0 = Release|Any CPU
		{65DD4F4C-7D18-4DB9-A23F-4C4821CDAE5B}.Release|x86.ActiveCfg = Release|Any CPU
		{792A1970-756F-44CC-B9C2-8DCCC72F9392}.Debug|Any CPU.ActiveCfg = Debug|Any CPU
		{792A1970-756F-44CC-B9C2-8DCCC72F9392}.Debug|Any CPU.Build.0 = Debug|Any CPU
		{792A1970-756F-44CC-B9C2-8DCCC72F9392}.Debug|Mixed Platforms.ActiveCfg = Debug|Any CPU
		{792A1970-756F-44CC-B9C2-8DCCC72F9392}.Debug|Mixed Platforms.Build.0 = Debug|Any CPU
		{792A1970-756F-44CC-B9C2-8DCCC72F9392}.Debug|x86.ActiveCfg = Debug|Any CPU
		{792A1970-756F-44CC-B9C2-8DCCC72F9392}.Release|Any CPU.ActiveCfg = Release|Any CPU
		{792A1970-756F-44CC-B9C2-8DCCC72F9392}.Release|Any CPU.Build.0 = Release|Any CPU
		{792A1970-756F-44CC-B9C2-8DCCC72F9392}.Release|Mixed Platforms.ActiveCfg = Release|Any CPU
		{792A1970-756F-44CC-B9C2-8DCCC72F9392}.Release|Mixed Platforms.Build.0 = Release|Any CPU
		{792A1970-756F-44CC-B9C2-8DCCC72F9392}.Release|x86.ActiveCfg = Release|Any CPU
	EndGlobalSection
	GlobalSection(SolutionProperties) = preSolution
		HideSolutionNode = FALSE
	EndGlobalSection
	GlobalSection(NestedProjects) = preSolution
		{1567DFD3-9877-4694-A781-D3875E36989D} = {4730646C-D183-4AE8-ACDB-5904E060F3BE}
		{D9CB81C5-3471-45E2-915B-C9E87A3C6D93} = {7104DC81-ACC0-4EED-9E92-08A64617393E}
		{4E333BF8-1F11-4C1F-B9D8-F1CC21563916} = {FFD883BD-C785-4E74-9DF3-F25A7023DFCC}
		{BB920DDF-18FD-46E7-9B34-0CEF77E17929} = {DF992670-7554-42F5-A1AF-DD99E24CF71A}
		{65DD4F4C-7D18-4DB9-A23F-4C4821CDAE5B} = {DF992670-7554-42F5-A1AF-DD99E24CF71A}
		{792A1970-756F-44CC-B9C2-8DCCC72F9392} = {DF992670-7554-42F5-A1AF-DD99E24CF71A}
	EndGlobalSection
EndGlobal
